github.com/pointyfar/hubrix v0.1.8 h1:n3L+QlrDQ6rOah+ptCQDIokjW/f+D1GLqD2JVCZNZ9Y=
github.com/pointyfar/hubrix v0.1.8/go.mod h1:0IIRXC1GbqoP1EjiqTK1PeeoBrtN3lZ2hXKdMH55a90=
github.com/pointyfar/hubrix v0.1.9/go.mod h1:0IIRXC1GbqoP1EjiqTK1PeeoBrtN3lZ2hXKdMH55a90=
github.com/pointyfar/hubrix v0.1.10/go.mod h1:0IIRXC1GbqoP1EjiqTK1PeeoBrtN3lZ2hXKdMH55a90=
